
Microsoft Visual Studio Solution File, Format Version 12.00
# Visual Studio Version 16
VisualStudioVersion = 16.0.29418.71
MinimumVisualStudioVersion = 10.0.40219.1
Project("{2150E333-8FDC-42A3-9474-1A3956D46DE8}") = "src", "src", "{864F1262-2D8F-4E45-AD5E-96DFA78D81A4}"
EndProject
Project("{2150E333-8FDC-42A3-9474-1A3956D46DE8}") = "test", "test", "{F2F2BFEB-C86D-45FD-8C98-7553258E3F3F}"
EndProject
Project("{2150E333-8FDC-42A3-9474-1A3956D46DE8}") = "Solution Items", "Solution Items", "{53B03F7D-E26D-4DA9-8DE0-8AEFDB9E7624}"
	ProjectSection(SolutionItems) = preProject
		azure-pipelines.yml = azure-pipelines.yml
		CODE_OF_CONDUCT.md = CODE_OF_CONDUCT.md
		gitversion.yml = gitversion.yml
		LICENSE = LICENSE
		README.md = README.md
	EndProjectSection
EndProject
Project("{9A19103F-16F7-4668-BE54-9A1E7A4F7556}") = "Labradoratory.AspNetCore.JsonPatch.Patchable", "src\Labradoratory.AspNetCore.JsonPatch.Patchable\Labradoratory.AspNetCore.JsonPatch.Patchable.csproj", "{E39644C7-8567-468B-8C04-D9FB1CA8FA6B}"
EndProject
Project("{9A19103F-16F7-4668-BE54-9A1E7A4F7556}") = "Labradoratory.AspNetCore.JsonPatch.Patchable.Test", "test\Labradoratory.AspNetCore.JsonPatch.Patchable.Test\Labradoratory.AspNetCore.JsonPatch.Patchable.Test.csproj", "{BE30C789-8866-448A-A26B-7123175BCE8E}"
EndProject
Global
	GlobalSection(SolutionConfigurationPlatforms) = preSolution
		Debug|Any CPU = Debug|Any CPU
		Release|Any CPU = Release|Any CPU
	EndGlobalSection
	GlobalSection(ProjectConfigurationPlatforms) = postSolution
		{E39644C7-8567-468B-8C04-D9FB1CA8FA6B}.Debug|Any CPU.ActiveCfg = Debug|Any CPU
		{E39644C7-8567-468B-8C04-D9FB1CA8FA6B}.Debug|Any CPU.Build.0 = Debug|Any CPU
		{E39644C7-8567-468B-8C04-D9FB1CA8FA6B}.Release|Any CPU.ActiveCfg = Release|Any CPU
		{E39644C7-8567-468B-8C04-D9FB1CA8FA6B}.Release|Any CPU.Build.0 = Release|Any CPU
		{BE30C789-8866-448A-A26B-7123175BCE8E}.Debug|Any CPU.ActiveCfg = Debug|Any CPU
		{BE30C789-8866-448A-A26B-7123175BCE8E}.Debug|Any CPU.Build.0 = Debug|Any CPU
		{BE30C789-8866-448A-A26B-7123175BCE8E}.Release|Any CPU.ActiveCfg = Release|Any CPU
		{BE30C789-8866-448A-A26B-7123175BCE8E}.Release|Any CPU.Build.0 = Release|Any CPU
	EndGlobalSection
	GlobalSection(SolutionProperties) = preSolution
		HideSolutionNode = FALSE
	EndGlobalSection
	GlobalSection(NestedProjects) = preSolution
		{E39644C7-8567-468B-8C04-D9FB1CA8FA6B} = {864F1262-2D8F-4E45-AD5E-96DFA78D81A4}
		{BE30C789-8866-448A-A26B-7123175BCE8E} = {F2F2BFEB-C86D-45FD-8C98-7553258E3F3F}
	EndGlobalSection
	GlobalSection(ExtensibilityGlobals) = postSolution
		SolutionGuid = {B900EAF0-FCDE-45EB-9DDF-95D20B4F1E80}
	EndGlobalSection
EndGlobal
